
Microsoft Visual Studio Solution File, Format Version 12.00
# Visual Studio 15
VisualStudioVersion = 15.0.28307.539
MinimumVisualStudioVersion = 10.0.40219.1
Project("{FAE04EC0-301F-11D3-BF4B-00C04F79EFBC}") = "MVC", "MVC\MVC.csproj", "{CC3D0F91-9731-4739-AB12-A53ABB1384F8}"
EndProject
Global
	GlobalSection(SolutionConfigurationPlatforms) = preSolution
		Debug|Any CPU = Debug|Any CPU
		Release|Any CPU = Release|Any CPU
	EndGlobalSection
	GlobalSection(ProjectConfigurationPlatforms) = postSolution
		{CC3D0F91-9731-4739-AB12-A53ABB1384F8}.Debug|Any CPU.ActiveCfg = Debug|Any CPU
		{CC3D0F91-9731-4739-AB12-A53ABB1384F8}.Debug|Any CPU.Build.0 = Debug|Any CPU
		{CC3D0F91-9731-4739-AB12-A53ABB1384F8}.Release|Any CPU.ActiveCfg = Release|Any CPU
		{CC3D0F91-9731-4739-AB12-A53ABB1384F8}.Release|Any CPU.Build.0 = Release|Any CPU
	EndGlobalSection
	GlobalSection(SolutionProperties) = preSolution
		HideSolutionNode = FALSE
	EndGlobalSection
	GlobalSection(ExtensibilityGlobals) = postSolution
		SolutionGuid = {FA055A7C-6501-4F6A-839B-CDBFA6CECCE8}
	EndGlobalSection
EndGlobal
